// !$*UTF8*$!
{
	archiveVersion = 1;
	classes = {
	};
	objectVersion = 50;
	objects = {

/* Begin PBXBuildFile section */
		350AF6D925E02D5E0000F698 /* WelcomeView.swift in Sources */ = {isa = PBXBuildFile; fileRef = 350AF6D825E02D5E0000F698 /* WelcomeView.swift */; };
		350AF6E425E035840000F698 /* WelcomeFeatureView.swift in Sources */ = {isa = PBXBuildFile; fileRef = 350AF6E325E035840000F698 /* WelcomeFeatureView.swift */; };
		350AF6ED25E0365A0000F698 /* UIImage+Badge.swift in Sources */ = {isa = PBXBuildFile; fileRef = 350AF6EC25E0365A0000F698 /* UIImage+Badge.swift */; };
		35868D2825E03F090028AF1D /* WelcomeViewPresenter.swift in Sources */ = {isa = PBXBuildFile; fileRef = 35868D2725E03F090028AF1D /* WelcomeViewPresenter.swift */; };
		35EAFB7925CC9E3B00DCFE10 /* Networking.m in Sources */ = {isa = PBXBuildFile; fileRef = 35EAFB7825CC9E3B00DCFE10 /* Networking.m */; };
		DE3EBACC25E048CE00DA1E0D /* Button.swift in Sources */ = {isa = PBXBuildFile; fileRef = DE3EBACB25E048CE00DA1E0D /* Button.swift */; };
		DECA256C25CC8D4200851431 /* AppDelegate.swift in Sources */ = {isa = PBXBuildFile; fileRef = DECA256B25CC8D4200851431 /* AppDelegate.swift */; };
		DECA257025CC8D4200851431 /* WelcomeViewController.swift in Sources */ = {isa = PBXBuildFile; fileRef = DECA256F25CC8D4200851431 /* WelcomeViewController.swift */; };
		DECA257525CC8D4300851431 /* Assets.xcassets in Resources */ = {isa = PBXBuildFile; fileRef = DECA257425CC8D4300851431 /* Assets.xcassets */; };
		DECA257825CC8D4300851431 /* LaunchScreen.storyboard in Resources */ = {isa = PBXBuildFile; fileRef = DECA257625CC8D4300851431 /* LaunchScreen.storyboard */; };
		DECA258325CC8D4300851431 /* CountersTests.swift in Sources */ = {isa = PBXBuildFile; fileRef = DECA258225CC8D4300851431 /* CountersTests.swift */; };
		DECA258E25CC8D4300851431 /* CountersUITests.swift in Sources */ = {isa = PBXBuildFile; fileRef = DECA258D25CC8D4300851431 /* CountersUITests.swift */; };
		DEED7FCE25CC975D00BA0CDB /* Localizable.strings in Resources */ = {isa = PBXBuildFile; fileRef = DEED7FD025CC975D00BA0CDB /* Localizable.strings */; };
		EF15AF54267DA1C9003D36BF /* BaseViewController.swift in Sources */ = {isa = PBXBuildFile; fileRef = EF15AF53267DA1C9003D36BF /* BaseViewController.swift */; };
		EF15AF57267DA22C003D36BF /* ActivityIndicatorView.swift in Sources */ = {isa = PBXBuildFile; fileRef = EF15AF56267DA22C003D36BF /* ActivityIndicatorView.swift */; };
		EF15AF59267DA4B9003D36BF /* GenericPlaceholderView.swift in Sources */ = {isa = PBXBuildFile; fileRef = EF15AF58267DA4B9003D36BF /* GenericPlaceholderView.swift */; };
		EF15AF5B267DA83E003D36BF /* ScreenSizes.swift in Sources */ = {isa = PBXBuildFile; fileRef = EF15AF5A267DA83E003D36BF /* ScreenSizes.swift */; };
		EF15AF5D267E927F003D36BF /* CountersSearchBar.swift in Sources */ = {isa = PBXBuildFile; fileRef = EF15AF5C267E927F003D36BF /* CountersSearchBar.swift */; };
		EF15AF62267EBD86003D36BF /* Counter.swift in Sources */ = {isa = PBXBuildFile; fileRef = EF15AF61267EBD86003D36BF /* Counter.swift */; };
		EF15AF64267EC05B003D36BF /* CounterListViewPresenter.swift in Sources */ = {isa = PBXBuildFile; fileRef = EF15AF63267EC05B003D36BF /* CounterListViewPresenter.swift */; };
		EF15AF67267ECA45003D36BF /* CounterTableViewCell.swift in Sources */ = {isa = PBXBuildFile; fileRef = EF15AF65267ECA45003D36BF /* CounterTableViewCell.swift */; };
		EF15AF68267ECA45003D36BF /* CounterTableViewCell.xib in Resources */ = {isa = PBXBuildFile; fileRef = EF15AF66267ECA45003D36BF /* CounterTableViewCell.xib */; };
		EF15AF6A267ECA80003D36BF /* CountersCardView.swift in Sources */ = {isa = PBXBuildFile; fileRef = EF15AF69267ECA80003D36BF /* CountersCardView.swift */; };
		EF15AF70267EEF06003D36BF /* CountersListService.swift in Sources */ = {isa = PBXBuildFile; fileRef = EF15AF6F267EEF06003D36BF /* CountersListService.swift */; };
		EF15AF72267EEF9D003D36BF /* CountersMainService.swift in Sources */ = {isa = PBXBuildFile; fileRef = EF15AF71267EEF9D003D36BF /* CountersMainService.swift */; };
		EF15AF75267EF2B7003D36BF /* UtilUrlFactory.swift in Sources */ = {isa = PBXBuildFile; fileRef = EF15AF74267EF2B7003D36BF /* UtilUrlFactory.swift */; };
		EF15AF77267EF4EB003D36BF /* RequestResultType.swift in Sources */ = {isa = PBXBuildFile; fileRef = EF15AF76267EF4EB003D36BF /* RequestResultType.swift */; };
		EF15AF79267F0488003D36BF /* BaseResponse.swift in Sources */ = {isa = PBXBuildFile; fileRef = EF15AF78267F0488003D36BF /* BaseResponse.swift */; };
		EF6D56F9267D8BEA00FC79E1 /* UIColor+Extension.swift in Sources */ = {isa = PBXBuildFile; fileRef = EF6D56F8267D8BEA00FC79E1 /* UIColor+Extension.swift */; };
		EF6D56FD267D990300FC79E1 /* CountersListViewController.swift in Sources */ = {isa = PBXBuildFile; fileRef = EF6D56FC267D990300FC79E1 /* CountersListViewController.swift */; };
		EF6D56FF267D991A00FC79E1 /* CountersListView.xib in Resources */ = {isa = PBXBuildFile; fileRef = EF6D56FE267D991A00FC79E1 /* CountersListView.xib */; };
		EF6D5704267D9B5500FC79E1 /* MainNavigationController.swift in Sources */ = {isa = PBXBuildFile; fileRef = EF6D5703267D9B5500FC79E1 /* MainNavigationController.swift */; };
		EF6D5706267D9CAD00FC79E1 /* AppNavigator.swift in Sources */ = {isa = PBXBuildFile; fileRef = EF6D5705267D9CAD00FC79E1 /* AppNavigator.swift */; };
		EF75E2CA268A38CF000F0F51 /* CreateCounterViewController.swift in Sources */ = {isa = PBXBuildFile; fileRef = EF75E2C9268A38CF000F0F51 /* CreateCounterViewController.swift */; };
		EF75E2CC268A38E6000F0F51 /* CreateCounterView.xib in Resources */ = {isa = PBXBuildFile; fileRef = EF75E2CB268A38E6000F0F51 /* CreateCounterView.xib */; };
		EF75E2D0268A8297000F0F51 /* CreateCounterPresenter.swift in Sources */ = {isa = PBXBuildFile; fileRef = EF75E2CF268A8297000F0F51 /* CreateCounterPresenter.swift */; };
		EF75E2D2268A82A9000F0F51 /* CreateCounterService.swift in Sources */ = {isa = PBXBuildFile; fileRef = EF75E2D1268A82A9000F0F51 /* CreateCounterService.swift */; };
		EF75E2D4268B9DED000F0F51 /* String+Extension.swift in Sources */ = {isa = PBXBuildFile; fileRef = EF75E2D3268B9DED000F0F51 /* String+Extension.swift */; };
		EF75E2D6268BACBB000F0F51 /* SuccessAnimation.swift in Sources */ = {isa = PBXBuildFile; fileRef = EF75E2D5268BACBB000F0F51 /* SuccessAnimation.swift */; };
		EF75E2DA268BC06C000F0F51 /* CounterExamplesViewController.swift in Sources */ = {isa = PBXBuildFile; fileRef = EF75E2D9268BC06C000F0F51 /* CounterExamplesViewController.swift */; };
		EF75E2DC268BC15D000F0F51 /* CounterExamplesView.xib in Resources */ = {isa = PBXBuildFile; fileRef = EF75E2DB268BC15D000F0F51 /* CounterExamplesView.xib */; };
		EF75E2E0268BC7EF000F0F51 /* CounterExampleTableViewCell.swift in Sources */ = {isa = PBXBuildFile; fileRef = EF75E2DE268BC7EF000F0F51 /* CounterExampleTableViewCell.swift */; };
		EF75E2E1268BC7EF000F0F51 /* CounterExampleTableViewCell.xib in Resources */ = {isa = PBXBuildFile; fileRef = EF75E2DF268BC7EF000F0F51 /* CounterExampleTableViewCell.xib */; };
		EF75E2E4268BCC1C000F0F51 /* CounterLabelCollectionViewCell.swift in Sources */ = {isa = PBXBuildFile; fileRef = EF75E2E2268BCC1C000F0F51 /* CounterLabelCollectionViewCell.swift */; };
		EF75E2E5268BCC1C000F0F51 /* CounterLabelCollectionViewCell.xib in Resources */ = {isa = PBXBuildFile; fileRef = EF75E2E3268BCC1C000F0F51 /* CounterLabelCollectionViewCell.xib */; };
		EF75E2E7268BD8A1000F0F51 /* CounterExamplesPresenter.swift in Sources */ = {isa = PBXBuildFile; fileRef = EF75E2E6268BD8A1000F0F51 /* CounterExamplesPresenter.swift */; };
		EF75E2E9268BF31F000F0F51 /* CounterExample.swift in Sources */ = {isa = PBXBuildFile; fileRef = EF75E2E8268BF31F000F0F51 /* CounterExample.swift */; };
/* End PBXBuildFile section */

/* Begin PBXContainerItemProxy section */
		DECA257F25CC8D4300851431 /* PBXContainerItemProxy */ = {
			isa = PBXContainerItemProxy;
			containerPortal = DECA256025CC8D4200851431 /* Project object */;
			proxyType = 1;
			remoteGlobalIDString = DECA256725CC8D4200851431;
			remoteInfo = Counters;
		};
		DECA258A25CC8D4300851431 /* PBXContainerItemProxy */ = {
			isa = PBXContainerItemProxy;
			containerPortal = DECA256025CC8D4200851431 /* Project object */;
			proxyType = 1;
			remoteGlobalIDString = DECA256725CC8D4200851431;
			remoteInfo = Counters;
		};
/* End PBXContainerItemProxy section */

/* Begin PBXFileReference section */
		350AF6D825E02D5E0000F698 /* WelcomeView.swift */ = {isa = PBXFileReference; lastKnownFileType = sourcecode.swift; path = WelcomeView.swift; sourceTree = "<group>"; };
		350AF6E325E035840000F698 /* WelcomeFeatureView.swift */ = {isa = PBXFileReference; lastKnownFileType = sourcecode.swift; path = WelcomeFeatureView.swift; sourceTree = "<group>"; };
		350AF6EC25E0365A0000F698 /* UIImage+Badge.swift */ = {isa = PBXFileReference; lastKnownFileType = sourcecode.swift; path = "UIImage+Badge.swift"; sourceTree = "<group>"; };
		35868D2725E03F090028AF1D /* WelcomeViewPresenter.swift */ = {isa = PBXFileReference; lastKnownFileType = sourcecode.swift; path = WelcomeViewPresenter.swift; sourceTree = "<group>"; };
		35EAFB7625CC9E3A00DCFE10 /* Counters-Bridging-Header.h */ = {isa = PBXFileReference; lastKnownFileType = sourcecode.c.h; path = "Counters-Bridging-Header.h"; sourceTree = "<group>"; };
		35EAFB7725CC9E3B00DCFE10 /* Networking.h */ = {isa = PBXFileReference; fileEncoding = 4; lastKnownFileType = sourcecode.c.h; path = Networking.h; sourceTree = "<group>"; };
		35EAFB7825CC9E3B00DCFE10 /* Networking.m */ = {isa = PBXFileReference; fileEncoding = 4; lastKnownFileType = sourcecode.c.objc; path = Networking.m; sourceTree = "<group>"; };
		DE3EBACB25E048CE00DA1E0D /* Button.swift */ = {isa = PBXFileReference; lastKnownFileType = sourcecode.swift; path = Button.swift; sourceTree = "<group>"; };
		DECA256825CC8D4200851431 /* Counters.app */ = {isa = PBXFileReference; explicitFileType = wrapper.application; includeInIndex = 0; path = Counters.app; sourceTree = BUILT_PRODUCTS_DIR; };
		DECA256B25CC8D4200851431 /* AppDelegate.swift */ = {isa = PBXFileReference; lastKnownFileType = sourcecode.swift; path = AppDelegate.swift; sourceTree = "<group>"; };
		DECA256F25CC8D4200851431 /* WelcomeViewController.swift */ = {isa = PBXFileReference; lastKnownFileType = sourcecode.swift; path = WelcomeViewController.swift; sourceTree = "<group>"; };
		DECA257425CC8D4300851431 /* Assets.xcassets */ = {isa = PBXFileReference; lastKnownFileType = folder.assetcatalog; path = Assets.xcassets; sourceTree = "<group>"; };
		DECA257725CC8D4300851431 /* Base */ = {isa = PBXFileReference; lastKnownFileType = file.storyboard; name = Base; path = Base.lproj/LaunchScreen.storyboard; sourceTree = "<group>"; };
		DECA257925CC8D4300851431 /* Info.plist */ = {isa = PBXFileReference; lastKnownFileType = text.plist.xml; path = Info.plist; sourceTree = "<group>"; };
		DECA257E25CC8D4300851431 /* CountersTests.xctest */ = {isa = PBXFileReference; explicitFileType = wrapper.cfbundle; includeInIndex = 0; path = CountersTests.xctest; sourceTree = BUILT_PRODUCTS_DIR; };
		DECA258225CC8D4300851431 /* CountersTests.swift */ = {isa = PBXFileReference; lastKnownFileType = sourcecode.swift; path = CountersTests.swift; sourceTree = "<group>"; };
		DECA258425CC8D4300851431 /* Info.plist */ = {isa = PBXFileReference; lastKnownFileType = text.plist.xml; path = Info.plist; sourceTree = "<group>"; };
		DECA258925CC8D4300851431 /* CountersUITests.xctest */ = {isa = PBXFileReference; explicitFileType = wrapper.cfbundle; includeInIndex = 0; path = CountersUITests.xctest; sourceTree = BUILT_PRODUCTS_DIR; };
		DECA258D25CC8D4300851431 /* CountersUITests.swift */ = {isa = PBXFileReference; lastKnownFileType = sourcecode.swift; path = CountersUITests.swift; sourceTree = "<group>"; };
		DECA258F25CC8D4300851431 /* Info.plist */ = {isa = PBXFileReference; lastKnownFileType = text.plist.xml; path = Info.plist; sourceTree = "<group>"; };
		DEED7FCF25CC975D00BA0CDB /* en */ = {isa = PBXFileReference; lastKnownFileType = text.plist.strings; name = en; path = en.lproj/Localizable.strings; sourceTree = "<group>"; };
		EF15AF53267DA1C9003D36BF /* BaseViewController.swift */ = {isa = PBXFileReference; lastKnownFileType = sourcecode.swift; path = BaseViewController.swift; sourceTree = "<group>"; };
		EF15AF56267DA22C003D36BF /* ActivityIndicatorView.swift */ = {isa = PBXFileReference; lastKnownFileType = sourcecode.swift; path = ActivityIndicatorView.swift; sourceTree = "<group>"; };
		EF15AF58267DA4B9003D36BF /* GenericPlaceholderView.swift */ = {isa = PBXFileReference; lastKnownFileType = sourcecode.swift; path = GenericPlaceholderView.swift; sourceTree = "<group>"; };
		EF15AF5A267DA83E003D36BF /* ScreenSizes.swift */ = {isa = PBXFileReference; lastKnownFileType = sourcecode.swift; path = ScreenSizes.swift; sourceTree = "<group>"; };
		EF15AF5C267E927F003D36BF /* CountersSearchBar.swift */ = {isa = PBXFileReference; lastKnownFileType = sourcecode.swift; path = CountersSearchBar.swift; sourceTree = "<group>"; };
		EF15AF61267EBD86003D36BF /* Counter.swift */ = {isa = PBXFileReference; lastKnownFileType = sourcecode.swift; path = Counter.swift; sourceTree = "<group>"; };
		EF15AF63267EC05B003D36BF /* CounterListViewPresenter.swift */ = {isa = PBXFileReference; lastKnownFileType = sourcecode.swift; path = CounterListViewPresenter.swift; sourceTree = "<group>"; };
		EF15AF65267ECA45003D36BF /* CounterTableViewCell.swift */ = {isa = PBXFileReference; lastKnownFileType = sourcecode.swift; path = CounterTableViewCell.swift; sourceTree = "<group>"; };
		EF15AF66267ECA45003D36BF /* CounterTableViewCell.xib */ = {isa = PBXFileReference; lastKnownFileType = file.xib; path = CounterTableViewCell.xib; sourceTree = "<group>"; };
		EF15AF69267ECA80003D36BF /* CountersCardView.swift */ = {isa = PBXFileReference; lastKnownFileType = sourcecode.swift; path = CountersCardView.swift; sourceTree = "<group>"; };
		EF15AF6F267EEF06003D36BF /* CountersListService.swift */ = {isa = PBXFileReference; lastKnownFileType = sourcecode.swift; path = CountersListService.swift; sourceTree = "<group>"; };
		EF15AF71267EEF9D003D36BF /* CountersMainService.swift */ = {isa = PBXFileReference; lastKnownFileType = sourcecode.swift; path = CountersMainService.swift; sourceTree = "<group>"; };
		EF15AF74267EF2B7003D36BF /* UtilUrlFactory.swift */ = {isa = PBXFileReference; lastKnownFileType = sourcecode.swift; path = UtilUrlFactory.swift; sourceTree = "<group>"; };
		EF15AF76267EF4EB003D36BF /* RequestResultType.swift */ = {isa = PBXFileReference; lastKnownFileType = sourcecode.swift; path = RequestResultType.swift; sourceTree = "<group>"; };
		EF15AF78267F0488003D36BF /* BaseResponse.swift */ = {isa = PBXFileReference; lastKnownFileType = sourcecode.swift; path = BaseResponse.swift; sourceTree = "<group>"; };
		EF6D56F8267D8BEA00FC79E1 /* UIColor+Extension.swift */ = {isa = PBXFileReference; lastKnownFileType = sourcecode.swift; path = "UIColor+Extension.swift"; sourceTree = "<group>"; };
		EF6D56FC267D990300FC79E1 /* CountersListViewController.swift */ = {isa = PBXFileReference; lastKnownFileType = sourcecode.swift; path = CountersListViewController.swift; sourceTree = "<group>"; };
		EF6D56FE267D991A00FC79E1 /* CountersListView.xib */ = {isa = PBXFileReference; lastKnownFileType = file.xib; path = CountersListView.xib; sourceTree = "<group>"; };
		EF6D5703267D9B5500FC79E1 /* MainNavigationController.swift */ = {isa = PBXFileReference; lastKnownFileType = sourcecode.swift; path = MainNavigationController.swift; sourceTree = "<group>"; };
		EF6D5705267D9CAD00FC79E1 /* AppNavigator.swift */ = {isa = PBXFileReference; lastKnownFileType = sourcecode.swift; path = AppNavigator.swift; sourceTree = "<group>"; };
		EF75E2C9268A38CF000F0F51 /* CreateCounterViewController.swift */ = {isa = PBXFileReference; lastKnownFileType = sourcecode.swift; path = CreateCounterViewController.swift; sourceTree = "<group>"; };
		EF75E2CB268A38E6000F0F51 /* CreateCounterView.xib */ = {isa = PBXFileReference; lastKnownFileType = file.xib; path = CreateCounterView.xib; sourceTree = "<group>"; };
		EF75E2CF268A8297000F0F51 /* CreateCounterPresenter.swift */ = {isa = PBXFileReference; lastKnownFileType = sourcecode.swift; path = CreateCounterPresenter.swift; sourceTree = "<group>"; };
		EF75E2D1268A82A9000F0F51 /* CreateCounterService.swift */ = {isa = PBXFileReference; lastKnownFileType = sourcecode.swift; path = CreateCounterService.swift; sourceTree = "<group>"; };
		EF75E2D3268B9DED000F0F51 /* String+Extension.swift */ = {isa = PBXFileReference; lastKnownFileType = sourcecode.swift; path = "String+Extension.swift"; sourceTree = "<group>"; };
		EF75E2D5268BACBB000F0F51 /* SuccessAnimation.swift */ = {isa = PBXFileReference; lastKnownFileType = sourcecode.swift; path = SuccessAnimation.swift; sourceTree = "<group>"; };
		EF75E2D9268BC06C000F0F51 /* CounterExamplesViewController.swift */ = {isa = PBXFileReference; lastKnownFileType = sourcecode.swift; path = CounterExamplesViewController.swift; sourceTree = "<group>"; };
		EF75E2DB268BC15D000F0F51 /* CounterExamplesView.xib */ = {isa = PBXFileReference; lastKnownFileType = file.xib; path = CounterExamplesView.xib; sourceTree = "<group>"; };
		EF75E2DE268BC7EF000F0F51 /* CounterExampleTableViewCell.swift */ = {isa = PBXFileReference; lastKnownFileType = sourcecode.swift; path = CounterExampleTableViewCell.swift; sourceTree = "<group>"; };
		EF75E2DF268BC7EF000F0F51 /* CounterExampleTableViewCell.xib */ = {isa = PBXFileReference; lastKnownFileType = file.xib; path = CounterExampleTableViewCell.xib; sourceTree = "<group>"; };
		EF75E2E2268BCC1C000F0F51 /* CounterLabelCollectionViewCell.swift */ = {isa = PBXFileReference; lastKnownFileType = sourcecode.swift; path = CounterLabelCollectionViewCell.swift; sourceTree = "<group>"; };
		EF75E2E3268BCC1C000F0F51 /* CounterLabelCollectionViewCell.xib */ = {isa = PBXFileReference; lastKnownFileType = file.xib; path = CounterLabelCollectionViewCell.xib; sourceTree = "<group>"; };
		EF75E2E6268BD8A1000F0F51 /* CounterExamplesPresenter.swift */ = {isa = PBXFileReference; lastKnownFileType = sourcecode.swift; path = CounterExamplesPresenter.swift; sourceTree = "<group>"; };
		EF75E2E8268BF31F000F0F51 /* CounterExample.swift */ = {isa = PBXFileReference; lastKnownFileType = sourcecode.swift; path = CounterExample.swift; sourceTree = "<group>"; };
/* End PBXFileReference section */

/* Begin PBXFrameworksBuildPhase section */
		DECA256525CC8D4200851431 /* Frameworks */ = {
			isa = PBXFrameworksBuildPhase;
			buildActionMask = 2147483647;
			files = (
			);
			runOnlyForDeploymentPostprocessing = 0;
		};
		DECA257B25CC8D4300851431 /* Frameworks */ = {
			isa = PBXFrameworksBuildPhase;
			buildActionMask = 2147483647;
			files = (
			);
			runOnlyForDeploymentPostprocessing = 0;
		};
		DECA258625CC8D4300851431 /* Frameworks */ = {
			isa = PBXFrameworksBuildPhase;
			buildActionMask = 2147483647;
			files = (
			);
			runOnlyForDeploymentPostprocessing = 0;
		};
/* End PBXFrameworksBuildPhase section */

/* Begin PBXGroup section */
		350AF6E225E035750000F698 /* Views */ = {
			isa = PBXGroup;
			children = (
				350AF6E325E035840000F698 /* WelcomeFeatureView.swift */,
			);
			path = Views;
			sourceTree = "<group>";
		};
		35868D2F25E0522E0028AF1D /* Extensions */ = {
			isa = PBXGroup;
			children = (
				350AF6EC25E0365A0000F698 /* UIImage+Badge.swift */,
				EF6D56F8267D8BEA00FC79E1 /* UIColor+Extension.swift */,
				EF75E2D3268B9DED000F0F51 /* String+Extension.swift */,
			);
			path = Extensions;
			sourceTree = "<group>";
		};
		35EAFB7425CC9E0800DCFE10 /* Services */ = {
			isa = PBXGroup;
			children = (
				35EAFB7525CC9E1F00DCFE10 /* Networking */,
			);
			path = Services;
			sourceTree = "<group>";
		};
		35EAFB7525CC9E1F00DCFE10 /* Networking */ = {
			isa = PBXGroup;
			children = (
				35EAFB7725CC9E3B00DCFE10 /* Networking.h */,
				35EAFB7825CC9E3B00DCFE10 /* Networking.m */,
				EF15AF71267EEF9D003D36BF /* CountersMainService.swift */,
			);
			path = Networking;
			sourceTree = "<group>";
		};
		DE3EBACA25E048C200DA1E0D /* UIComponents */ = {
			isa = PBXGroup;
			children = (
				DE3EBACB25E048CE00DA1E0D /* Button.swift */,
				EF15AF58267DA4B9003D36BF /* GenericPlaceholderView.swift */,
				EF15AF5C267E927F003D36BF /* CountersSearchBar.swift */,
				EF15AF69267ECA80003D36BF /* CountersCardView.swift */,
			);
			path = UIComponents;
			sourceTree = "<group>";
		};
		DECA255F25CC8D4200851431 = {
			isa = PBXGroup;
			children = (
				DECA256A25CC8D4200851431 /* Counters */,
				DECA258125CC8D4300851431 /* CountersTests */,
				DECA258C25CC8D4300851431 /* CountersUITests */,
				DECA256925CC8D4200851431 /* Products */,
			);
			sourceTree = "<group>";
		};
		DECA256925CC8D4200851431 /* Products */ = {
			isa = PBXGroup;
			children = (
				DECA256825CC8D4200851431 /* Counters.app */,
				DECA257E25CC8D4300851431 /* CountersTests.xctest */,
				DECA258925CC8D4300851431 /* CountersUITests.xctest */,
			);
			name = Products;
			sourceTree = "<group>";
		};
		DECA256A25CC8D4200851431 /* Counters */ = {
			isa = PBXGroup;
			children = (
				DE3EBACA25E048C200DA1E0D /* UIComponents */,
				DECA25AA25CC8FD600851431 /* Application */,
				DECA25AC25CC900C00851431 /* Config */,
				DECA25AB25CC900000851431 /* Resources */,
			);
			path = Counters;
			sourceTree = "<group>";
		};
		DECA258125CC8D4300851431 /* CountersTests */ = {
			isa = PBXGroup;
			children = (
				DECA258225CC8D4300851431 /* CountersTests.swift */,
				DECA258425CC8D4300851431 /* Info.plist */,
			);
			path = CountersTests;
			sourceTree = "<group>";
		};
		DECA258C25CC8D4300851431 /* CountersUITests */ = {
			isa = PBXGroup;
			children = (
				DECA258D25CC8D4300851431 /* CountersUITests.swift */,
				DECA258F25CC8D4300851431 /* Info.plist */,
			);
			path = CountersUITests;
			sourceTree = "<group>";
		};
		DECA25AA25CC8FD600851431 /* Application */ = {
			isa = PBXGroup;
			children = (
				EF15AF60267EBD33003D36BF /* Models */,
				EF15AF55267DA20D003D36BF /* Utils */,
				EF15AF52267DA1B0003D36BF /* Base */,
				EF6D5702267D9A9200FC79E1 /* Navigation */,
				35868D2F25E0522E0028AF1D /* Extensions */,
				35EAFB7425CC9E0800DCFE10 /* Services */,
				DECA25AE25CC908800851431 /* AppDelegate */,
				DECA25AD25CC906700851431 /* Launch */,
				DECA25B225CC910100851431 /* Welcome */,
				EF6D56FA267D96E600FC79E1 /* CounterList */,
				EF75E2C72688274D000F0F51 /* CreateCounter */,
				EF75E2D7268BC04E000F0F51 /* CounterExamples */,
			);
			path = Application;
			sourceTree = "<group>";
		};
		DECA25AB25CC900000851431 /* Resources */ = {
			isa = PBXGroup;
			children = (
				DECA257425CC8D4300851431 /* Assets.xcassets */,
				DEED7FD025CC975D00BA0CDB /* Localizable.strings */,
			);
			path = Resources;
			sourceTree = "<group>";
		};
		DECA25AC25CC900C00851431 /* Config */ = {
			isa = PBXGroup;
			children = (
				35EAFB7625CC9E3A00DCFE10 /* Counters-Bridging-Header.h */,
				DECA257925CC8D4300851431 /* Info.plist */,
			);
			path = Config;
			sourceTree = "<group>";
		};
		DECA25AD25CC906700851431 /* Launch */ = {
			isa = PBXGroup;
			children = (
				DECA257625CC8D4300851431 /* LaunchScreen.storyboard */,
			);
			path = Launch;
			sourceTree = "<group>";
		};
		DECA25AE25CC908800851431 /* AppDelegate */ = {
			isa = PBXGroup;
			children = (
				DECA256B25CC8D4200851431 /* AppDelegate.swift */,
			);
			path = AppDelegate;
			sourceTree = "<group>";
		};
		DECA25B225CC910100851431 /* Welcome */ = {
			isa = PBXGroup;
			children = (
				350AF6E225E035750000F698 /* Views */,
				35868D2725E03F090028AF1D /* WelcomeViewPresenter.swift */,
				DECA256F25CC8D4200851431 /* WelcomeViewController.swift */,
				350AF6D825E02D5E0000F698 /* WelcomeView.swift */,
			);
			path = Welcome;
			sourceTree = "<group>";
		};
		EF15AF52267DA1B0003D36BF /* Base */ = {
			isa = PBXGroup;
			children = (
				EF15AF53267DA1C9003D36BF /* BaseViewController.swift */,
			);
			path = Base;
			sourceTree = "<group>";
		};
		EF15AF55267DA20D003D36BF /* Utils */ = {
			isa = PBXGroup;
			children = (
				EF15AF56267DA22C003D36BF /* ActivityIndicatorView.swift */,
				EF15AF5A267DA83E003D36BF /* ScreenSizes.swift */,
				EF15AF74267EF2B7003D36BF /* UtilUrlFactory.swift */,
				EF75E2D5268BACBB000F0F51 /* SuccessAnimation.swift */,
			);
			path = Utils;
			sourceTree = "<group>";
		};
		EF15AF60267EBD33003D36BF /* Models */ = {
			isa = PBXGroup;
			children = (
				EF15AF61267EBD86003D36BF /* Counter.swift */,
				EF15AF76267EF4EB003D36BF /* RequestResultType.swift */,
				EF15AF78267F0488003D36BF /* BaseResponse.swift */,
				EF75E2E8268BF31F000F0F51 /* CounterExample.swift */,
			);
			path = Models;
			sourceTree = "<group>";
		};
		EF6D56FA267D96E600FC79E1 /* CounterList */ = {
			isa = PBXGroup;
			children = (
				EF15AF63267EC05B003D36BF /* CounterListViewPresenter.swift */,
				EF15AF6F267EEF06003D36BF /* CountersListService.swift */,
				EF6D56FB267D96F800FC79E1 /* View */,
			);
			path = CounterList;
			sourceTree = "<group>";
		};
		EF6D56FB267D96F800FC79E1 /* View */ = {
			isa = PBXGroup;
			children = (
				EF75E2C62687E22E000F0F51 /* Cells */,
				EF6D56FC267D990300FC79E1 /* CountersListViewController.swift */,
				EF6D56FE267D991A00FC79E1 /* CountersListView.xib */,
			);
			path = View;
			sourceTree = "<group>";
		};
		EF6D5702267D9A9200FC79E1 /* Navigation */ = {
			isa = PBXGroup;
			children = (
				EF6D5703267D9B5500FC79E1 /* MainNavigationController.swift */,
				EF6D5705267D9CAD00FC79E1 /* AppNavigator.swift */,
			);
			path = Navigation;
			sourceTree = "<group>";
		};
		EF75E2C62687E22E000F0F51 /* Cells */ = {
			isa = PBXGroup;
			children = (
				EF15AF65267ECA45003D36BF /* CounterTableViewCell.swift */,
				EF15AF66267ECA45003D36BF /* CounterTableViewCell.xib */,
			);
			path = Cells;
			sourceTree = "<group>";
		};
		EF75E2C72688274D000F0F51 /* CreateCounter */ = {
			isa = PBXGroup;
			children = (
				EF75E2D1268A82A9000F0F51 /* CreateCounterService.swift */,
				EF75E2CF268A8297000F0F51 /* CreateCounterPresenter.swift */,
				EF75E2C82688275C000F0F51 /* View */,
			);
			path = CreateCounter;
			sourceTree = "<group>";
		};
		EF75E2C82688275C000F0F51 /* View */ = {
			isa = PBXGroup;
			children = (
				EF75E2C9268A38CF000F0F51 /* CreateCounterViewController.swift */,
				EF75E2CB268A38E6000F0F51 /* CreateCounterView.xib */,
			);
			path = View;
			sourceTree = "<group>";
		};
		EF75E2D7268BC04E000F0F51 /* CounterExamples */ = {
			isa = PBXGroup;
			children = (
				EF75E2E6268BD8A1000F0F51 /* CounterExamplesPresenter.swift */,
				EF75E2D8268BC05A000F0F51 /* View */,
			);
			path = CounterExamples;
			sourceTree = "<group>";
		};
		EF75E2D8268BC05A000F0F51 /* View */ = {
			isa = PBXGroup;
			children = (
				EF75E2DD268BC751000F0F51 /* Cells */,
				EF75E2D9268BC06C000F0F51 /* CounterExamplesViewController.swift */,
				EF75E2DB268BC15D000F0F51 /* CounterExamplesView.xib */,
			);
			path = View;
			sourceTree = "<group>";
		};
		EF75E2DD268BC751000F0F51 /* Cells */ = {
			isa = PBXGroup;
			children = (
				EF75E2DE268BC7EF000F0F51 /* CounterExampleTableViewCell.swift */,
				EF75E2DF268BC7EF000F0F51 /* CounterExampleTableViewCell.xib */,
				EF75E2E2268BCC1C000F0F51 /* CounterLabelCollectionViewCell.swift */,
				EF75E2E3268BCC1C000F0F51 /* CounterLabelCollectionViewCell.xib */,
			);
			path = Cells;
			sourceTree = "<group>";
		};
/* End PBXGroup section */

/* Begin PBXNativeTarget section */
		DECA256725CC8D4200851431 /* Counters */ = {
			isa = PBXNativeTarget;
			buildConfigurationList = DECA259225CC8D4300851431 /* Build configuration list for PBXNativeTarget "Counters" */;
			buildPhases = (
				DECA256425CC8D4200851431 /* Sources */,
				DECA256525CC8D4200851431 /* Frameworks */,
				DECA256625CC8D4200851431 /* Resources */,
			);
			buildRules = (
			);
			dependencies = (
			);
			name = Counters;
			productName = Counters;
			productReference = DECA256825CC8D4200851431 /* Counters.app */;
			productType = "com.apple.product-type.application";
		};
		DECA257D25CC8D4300851431 /* CountersTests */ = {
			isa = PBXNativeTarget;
			buildConfigurationList = DECA259525CC8D4300851431 /* Build configuration list for PBXNativeTarget "CountersTests" */;
			buildPhases = (
				DECA257A25CC8D4300851431 /* Sources */,
				DECA257B25CC8D4300851431 /* Frameworks */,
				DECA257C25CC8D4300851431 /* Resources */,
			);
			buildRules = (
			);
			dependencies = (
				DECA258025CC8D4300851431 /* PBXTargetDependency */,
			);
			name = CountersTests;
			productName = CountersTests;
			productReference = DECA257E25CC8D4300851431 /* CountersTests.xctest */;
			productType = "com.apple.product-type.bundle.unit-test";
		};
		DECA258825CC8D4300851431 /* CountersUITests */ = {
			isa = PBXNativeTarget;
			buildConfigurationList = DECA259825CC8D4300851431 /* Build configuration list for PBXNativeTarget "CountersUITests" */;
			buildPhases = (
				DECA258525CC8D4300851431 /* Sources */,
				DECA258625CC8D4300851431 /* Frameworks */,
				DECA258725CC8D4300851431 /* Resources */,
			);
			buildRules = (
			);
			dependencies = (
				DECA258B25CC8D4300851431 /* PBXTargetDependency */,
			);
			name = CountersUITests;
			productName = CountersUITests;
			productReference = DECA258925CC8D4300851431 /* CountersUITests.xctest */;
			productType = "com.apple.product-type.bundle.ui-testing";
		};
/* End PBXNativeTarget section */

/* Begin PBXProject section */
		DECA256025CC8D4200851431 /* Project object */ = {
			isa = PBXProject;
			attributes = {
				LastSwiftUpdateCheck = 1240;
				LastUpgradeCheck = 1240;
				TargetAttributes = {
					DECA256725CC8D4200851431 = {
						CreatedOnToolsVersion = 12.4;
						LastSwiftMigration = 1240;
					};
					DECA257D25CC8D4300851431 = {
						CreatedOnToolsVersion = 12.4;
						TestTargetID = DECA256725CC8D4200851431;
					};
					DECA258825CC8D4300851431 = {
						CreatedOnToolsVersion = 12.4;
						TestTargetID = DECA256725CC8D4200851431;
					};
				};
			};
			buildConfigurationList = DECA256325CC8D4200851431 /* Build configuration list for PBXProject "Counters" */;
			compatibilityVersion = "Xcode 9.3";
			developmentRegion = en;
			hasScannedForEncodings = 0;
			knownRegions = (
				en,
				Base,
			);
			mainGroup = DECA255F25CC8D4200851431;
			productRefGroup = DECA256925CC8D4200851431 /* Products */;
			projectDirPath = "";
			projectRoot = "";
			targets = (
				DECA256725CC8D4200851431 /* Counters */,
				DECA257D25CC8D4300851431 /* CountersTests */,
				DECA258825CC8D4300851431 /* CountersUITests */,
			);
		};
/* End PBXProject section */

/* Begin PBXResourcesBuildPhase section */
		DECA256625CC8D4200851431 /* Resources */ = {
			isa = PBXResourcesBuildPhase;
			buildActionMask = 2147483647;
			files = (
				EF15AF68267ECA45003D36BF /* CounterTableViewCell.xib in Resources */,
				EF75E2CC268A38E6000F0F51 /* CreateCounterView.xib in Resources */,
				DECA257825CC8D4300851431 /* LaunchScreen.storyboard in Resources */,
				DEED7FCE25CC975D00BA0CDB /* Localizable.strings in Resources */,
				EF75E2E5268BCC1C000F0F51 /* CounterLabelCollectionViewCell.xib in Resources */,
				DECA257525CC8D4300851431 /* Assets.xcassets in Resources */,
				EF6D56FF267D991A00FC79E1 /* CountersListView.xib in Resources */,
				EF75E2DC268BC15D000F0F51 /* CounterExamplesView.xib in Resources */,
				EF75E2E1268BC7EF000F0F51 /* CounterExampleTableViewCell.xib in Resources */,
			);
			runOnlyForDeploymentPostprocessing = 0;
		};
		DECA257C25CC8D4300851431 /* Resources */ = {
			isa = PBXResourcesBuildPhase;
			buildActionMask = 2147483647;
			files = (
			);
			runOnlyForDeploymentPostprocessing = 0;
		};
		DECA258725CC8D4300851431 /* Resources */ = {
			isa = PBXResourcesBuildPhase;
			buildActionMask = 2147483647;
			files = (
			);
			runOnlyForDeploymentPostprocessing = 0;
		};
/* End PBXResourcesBuildPhase section */

/* Begin PBXSourcesBuildPhase section */
		DECA256425CC8D4200851431 /* Sources */ = {
			isa = PBXSourcesBuildPhase;
			buildActionMask = 2147483647;
			files = (
				EF15AF62267EBD86003D36BF /* Counter.swift in Sources */,
				EF75E2D6268BACBB000F0F51 /* SuccessAnimation.swift in Sources */,
				EF15AF5D267E927F003D36BF /* CountersSearchBar.swift in Sources */,
				35868D2825E03F090028AF1D /* WelcomeViewPresenter.swift in Sources */,
				350AF6ED25E0365A0000F698 /* UIImage+Badge.swift in Sources */,
				EF15AF59267DA4B9003D36BF /* GenericPlaceholderView.swift in Sources */,
				EF15AF70267EEF06003D36BF /* CountersListService.swift in Sources */,
				EF6D56FD267D990300FC79E1 /* CountersListViewController.swift in Sources */,
				EF75E2D2268A82A9000F0F51 /* CreateCounterService.swift in Sources */,
				DECA257025CC8D4200851431 /* WelcomeViewController.swift in Sources */,
				EF6D56F9267D8BEA00FC79E1 /* UIColor+Extension.swift in Sources */,
				EF15AF67267ECA45003D36BF /* CounterTableViewCell.swift in Sources */,
				EF15AF79267F0488003D36BF /* BaseResponse.swift in Sources */,
				EF15AF54267DA1C9003D36BF /* BaseViewController.swift in Sources */,
				EF15AF77267EF4EB003D36BF /* RequestResultType.swift in Sources */,
				EF15AF57267DA22C003D36BF /* ActivityIndicatorView.swift in Sources */,
				EF75E2E7268BD8A1000F0F51 /* CounterExamplesPresenter.swift in Sources */,
				EF75E2E4268BCC1C000F0F51 /* CounterLabelCollectionViewCell.swift in Sources */,
				DECA256C25CC8D4200851431 /* AppDelegate.swift in Sources */,
				EF75E2E9268BF31F000F0F51 /* CounterExample.swift in Sources */,
				EF75E2D0268A8297000F0F51 /* CreateCounterPresenter.swift in Sources */,
				EF6D5704267D9B5500FC79E1 /* MainNavigationController.swift in Sources */,
				EF15AF64267EC05B003D36BF /* CounterListViewPresenter.swift in Sources */,
				DE3EBACC25E048CE00DA1E0D /* Button.swift in Sources */,
				EF6D5706267D9CAD00FC79E1 /* AppNavigator.swift in Sources */,
				EF15AF6A267ECA80003D36BF /* CountersCardView.swift in Sources */,
				EF75E2E0268BC7EF000F0F51 /* CounterExampleTableViewCell.swift in Sources */,
				35EAFB7925CC9E3B00DCFE10 /* Networking.m in Sources */,
				EF15AF72267EEF9D003D36BF /* CountersMainService.swift in Sources */,
				350AF6D925E02D5E0000F698 /* WelcomeView.swift in Sources */,
				EF75E2CA268A38CF000F0F51 /* CreateCounterViewController.swift in Sources */,
				EF15AF75267EF2B7003D36BF /* UtilUrlFactory.swift in Sources */,
				EF75E2DA268BC06C000F0F51 /* CounterExamplesViewController.swift in Sources */,
				350AF6E425E035840000F698 /* WelcomeFeatureView.swift in Sources */,
				EF75E2D4268B9DED000F0F51 /* String+Extension.swift in Sources */,
				EF15AF5B267DA83E003D36BF /* ScreenSizes.swift in Sources */,
			);
			runOnlyForDeploymentPostprocessing = 0;
		};
		DECA257A25CC8D4300851431 /* Sources */ = {
			isa = PBXSourcesBuildPhase;
			buildActionMask = 2147483647;
			files = (
				DECA258325CC8D4300851431 /* CountersTests.swift in Sources */,
			);
			runOnlyForDeploymentPostprocessing = 0;
		};
		DECA258525CC8D4300851431 /* Sources */ = {
			isa = PBXSourcesBuildPhase;
			buildActionMask = 2147483647;
			files = (
				DECA258E25CC8D4300851431 /* CountersUITests.swift in Sources */,
			);
			runOnlyForDeploymentPostprocessing = 0;
		};
/* End PBXSourcesBuildPhase section */

/* Begin PBXTargetDependency section */
		DECA258025CC8D4300851431 /* PBXTargetDependency */ = {
			isa = PBXTargetDependency;
			target = DECA256725CC8D4200851431 /* Counters */;
			targetProxy = DECA257F25CC8D4300851431 /* PBXContainerItemProxy */;
		};
		DECA258B25CC8D4300851431 /* PBXTargetDependency */ = {
			isa = PBXTargetDependency;
			target = DECA256725CC8D4200851431 /* Counters */;
			targetProxy = DECA258A25CC8D4300851431 /* PBXContainerItemProxy */;
		};
/* End PBXTargetDependency section */

/* Begin PBXVariantGroup section */
		DECA257625CC8D4300851431 /* LaunchScreen.storyboard */ = {
			isa = PBXVariantGroup;
			children = (
				DECA257725CC8D4300851431 /* Base */,
			);
			name = LaunchScreen.storyboard;
			sourceTree = "<group>";
		};
		DEED7FD025CC975D00BA0CDB /* Localizable.strings */ = {
			isa = PBXVariantGroup;
			children = (
				DEED7FCF25CC975D00BA0CDB /* en */,
			);
			name = Localizable.strings;
			sourceTree = "<group>";
		};
/* End PBXVariantGroup section */

/* Begin XCBuildConfiguration section */
		DECA259025CC8D4300851431 /* Debug */ = {
			isa = XCBuildConfiguration;
			buildSettings = {
				ALWAYS_SEARCH_USER_PATHS = NO;
				CLANG_ANALYZER_NONNULL = YES;
				CLANG_ANALYZER_NUMBER_OBJECT_CONVERSION = YES_AGGRESSIVE;
				CLANG_CXX_LANGUAGE_STANDARD = "gnu++14";
				CLANG_CXX_LIBRARY = "libc++";
				CLANG_ENABLE_MODULES = YES;
				CLANG_ENABLE_OBJC_ARC = YES;
				CLANG_ENABLE_OBJC_WEAK = YES;
				CLANG_WARN_BLOCK_CAPTURE_AUTORELEASING = YES;
				CLANG_WARN_BOOL_CONVERSION = YES;
				CLANG_WARN_COMMA = YES;
				CLANG_WARN_CONSTANT_CONVERSION = YES;
				CLANG_WARN_DEPRECATED_OBJC_IMPLEMENTATIONS = YES;
				CLANG_WARN_DIRECT_OBJC_ISA_USAGE = YES_ERROR;
				CLANG_WARN_DOCUMENTATION_COMMENTS = YES;
				CLANG_WARN_EMPTY_BODY = YES;
				CLANG_WARN_ENUM_CONVERSION = YES;
				CLANG_WARN_INFINITE_RECURSION = YES;
				CLANG_WARN_INT_CONVERSION = YES;
				CLANG_WARN_NON_LITERAL_NULL_CONVERSION = YES;
				CLANG_WARN_OBJC_IMPLICIT_RETAIN_SELF = YES;
				CLANG_WARN_OBJC_LITERAL_CONVERSION = YES;
				CLANG_WARN_OBJC_ROOT_CLASS = YES_ERROR;
				CLANG_WARN_QUOTED_INCLUDE_IN_FRAMEWORK_HEADER = YES;
				CLANG_WARN_RANGE_LOOP_ANALYSIS = YES;
				CLANG_WARN_STRICT_PROTOTYPES = YES;
				CLANG_WARN_SUSPICIOUS_MOVE = YES;
				CLANG_WARN_UNGUARDED_AVAILABILITY = YES_AGGRESSIVE;
				CLANG_WARN_UNREACHABLE_CODE = YES;
				CLANG_WARN__DUPLICATE_METHOD_MATCH = YES;
				COPY_PHASE_STRIP = NO;
				DEBUG_INFORMATION_FORMAT = dwarf;
				ENABLE_STRICT_OBJC_MSGSEND = YES;
				ENABLE_TESTABILITY = YES;
				GCC_C_LANGUAGE_STANDARD = gnu11;
				GCC_DYNAMIC_NO_PIC = NO;
				GCC_NO_COMMON_BLOCKS = YES;
				GCC_OPTIMIZATION_LEVEL = 0;
				GCC_PREPROCESSOR_DEFINITIONS = (
					"DEBUG=1",
					"$(inherited)",
				);
				GCC_WARN_64_TO_32_BIT_CONVERSION = YES;
				GCC_WARN_ABOUT_RETURN_TYPE = YES_ERROR;
				GCC_WARN_UNDECLARED_SELECTOR = YES;
				GCC_WARN_UNINITIALIZED_AUTOS = YES_AGGRESSIVE;
				GCC_WARN_UNUSED_FUNCTION = YES;
				GCC_WARN_UNUSED_VARIABLE = YES;
				IPHONEOS_DEPLOYMENT_TARGET = 13.0;
				MTL_ENABLE_DEBUG_INFO = INCLUDE_SOURCE;
				MTL_FAST_MATH = YES;
				ONLY_ACTIVE_ARCH = YES;
				SDKROOT = iphoneos;
				SWIFT_ACTIVE_COMPILATION_CONDITIONS = DEBUG;
				SWIFT_OPTIMIZATION_LEVEL = "-Onone";
			};
			name = Debug;
		};
		DECA259125CC8D4300851431 /* Release */ = {
			isa = XCBuildConfiguration;
			buildSettings = {
				ALWAYS_SEARCH_USER_PATHS = NO;
				CLANG_ANALYZER_NONNULL = YES;
				CLANG_ANALYZER_NUMBER_OBJECT_CONVERSION = YES_AGGRESSIVE;
				CLANG_CXX_LANGUAGE_STANDARD = "gnu++14";
				CLANG_CXX_LIBRARY = "libc++";
				CLANG_ENABLE_MODULES = YES;
				CLANG_ENABLE_OBJC_ARC = YES;
				CLANG_ENABLE_OBJC_WEAK = YES;
				CLANG_WARN_BLOCK_CAPTURE_AUTORELEASING = YES;
				CLANG_WARN_BOOL_CONVERSION = YES;
				CLANG_WARN_COMMA = YES;
				CLANG_WARN_CONSTANT_CONVERSION = YES;
				CLANG_WARN_DEPRECATED_OBJC_IMPLEMENTATIONS = YES;
				CLANG_WARN_DIRECT_OBJC_ISA_USAGE = YES_ERROR;
				CLANG_WARN_DOCUMENTATION_COMMENTS = YES;
				CLANG_WARN_EMPTY_BODY = YES;
				CLANG_WARN_ENUM_CONVERSION = YES;
				CLANG_WARN_INFINITE_RECURSION = YES;
				CLANG_WARN_INT_CONVERSION = YES;
				CLANG_WARN_NON_LITERAL_NULL_CONVERSION = YES;
				CLANG_WARN_OBJC_IMPLICIT_RETAIN_SELF = YES;
				CLANG_WARN_OBJC_LITERAL_CONVERSION = YES;
				CLANG_WARN_OBJC_ROOT_CLASS = YES_ERROR;
				CLANG_WARN_QUOTED_INCLUDE_IN_FRAMEWORK_HEADER = YES;
				CLANG_WARN_RANGE_LOOP_ANALYSIS = YES;
				CLANG_WARN_STRICT_PROTOTYPES = YES;
				CLANG_WARN_SUSPICIOUS_MOVE = YES;
				CLANG_WARN_UNGUARDED_AVAILABILITY = YES_AGGRESSIVE;
				CLANG_WARN_UNREACHABLE_CODE = YES;
				CLANG_WARN__DUPLICATE_METHOD_MATCH = YES;
				COPY_PHASE_STRIP = NO;
				DEBUG_INFORMATION_FORMAT = "dwarf-with-dsym";
				ENABLE_NS_ASSERTIONS = NO;
				ENABLE_STRICT_OBJC_MSGSEND = YES;
				GCC_C_LANGUAGE_STANDARD = gnu11;
				GCC_NO_COMMON_BLOCKS = YES;
				GCC_WARN_64_TO_32_BIT_CONVERSION = YES;
				GCC_WARN_ABOUT_RETURN_TYPE = YES_ERROR;
				GCC_WARN_UNDECLARED_SELECTOR = YES;
				GCC_WARN_UNINITIALIZED_AUTOS = YES_AGGRESSIVE;
				GCC_WARN_UNUSED_FUNCTION = YES;
				GCC_WARN_UNUSED_VARIABLE = YES;
				IPHONEOS_DEPLOYMENT_TARGET = 13.0;
				MTL_ENABLE_DEBUG_INFO = NO;
				MTL_FAST_MATH = YES;
				SDKROOT = iphoneos;
				SWIFT_COMPILATION_MODE = wholemodule;
				SWIFT_OPTIMIZATION_LEVEL = "-O";
				VALIDATE_PRODUCT = YES;
			};
			name = Release;
		};
		DECA259325CC8D4300851431 /* Debug */ = {
			isa = XCBuildConfiguration;
			buildSettings = {
				ASSETCATALOG_COMPILER_APPICON_NAME = AppIcon;
				ASSETCATALOG_COMPILER_GLOBAL_ACCENT_COLOR_NAME = AccentColor;
				CLANG_ENABLE_MODULES = YES;
				CODE_SIGN_STYLE = Automatic;
				INFOPLIST_FILE = Counters/Config/Info.plist;
				LD_RUNPATH_SEARCH_PATHS = (
					"$(inherited)",
					"@executable_path/Frameworks",
				);
				PRODUCT_BUNDLE_IDENTIFIER = com.cornershop.Counters;
				PRODUCT_NAME = "$(TARGET_NAME)";
				SWIFT_OBJC_BRIDGING_HEADER = "Counters/Config/Counters-Bridging-Header.h";
				SWIFT_OPTIMIZATION_LEVEL = "-Onone";
				SWIFT_VERSION = 5.0;
				TARGETED_DEVICE_FAMILY = "1,2";
			};
			name = Debug;
		};
		DECA259425CC8D4300851431 /* Release */ = {
			isa = XCBuildConfiguration;
			buildSettings = {
				ASSETCATALOG_COMPILER_APPICON_NAME = AppIcon;
				ASSETCATALOG_COMPILER_GLOBAL_ACCENT_COLOR_NAME = AccentColor;
				CLANG_ENABLE_MODULES = YES;
				CODE_SIGN_STYLE = Automatic;
				INFOPLIST_FILE = Counters/Config/Info.plist;
				LD_RUNPATH_SEARCH_PATHS = (
					"$(inherited)",
					"@executable_path/Frameworks",
				);
				PRODUCT_BUNDLE_IDENTIFIER = com.cornershop.Counters;
				PRODUCT_NAME = "$(TARGET_NAME)";
				SWIFT_OBJC_BRIDGING_HEADER = "Counters/Config/Counters-Bridging-Header.h";
				SWIFT_VERSION = 5.0;
				TARGETED_DEVICE_FAMILY = "1,2";
			};
			name = Release;
		};
		DECA259625CC8D4300851431 /* Debug */ = {
			isa = XCBuildConfiguration;
			buildSettings = {
				ALWAYS_EMBED_SWIFT_STANDARD_LIBRARIES = YES;
				BUNDLE_LOADER = "$(TEST_HOST)";
				CODE_SIGN_STYLE = Automatic;
				INFOPLIST_FILE = CountersTests/Info.plist;
				IPHONEOS_DEPLOYMENT_TARGET = 14.4;
				LD_RUNPATH_SEARCH_PATHS = (
					"$(inherited)",
					"@executable_path/Frameworks",
					"@loader_path/Frameworks",
				);
				PRODUCT_BUNDLE_IDENTIFIER = com.cornershop.CountersTests;
				PRODUCT_NAME = "$(TARGET_NAME)";
				SWIFT_VERSION = 5.0;
				TARGETED_DEVICE_FAMILY = "1,2";
				TEST_HOST = "$(BUILT_PRODUCTS_DIR)/Counters.app/Counters";
			};
			name = Debug;
		};
		DECA259725CC8D4300851431 /* Release */ = {
			isa = XCBuildConfiguration;
			buildSettings = {
				ALWAYS_EMBED_SWIFT_STANDARD_LIBRARIES = YES;
				BUNDLE_LOADER = "$(TEST_HOST)";
				CODE_SIGN_STYLE = Automatic;
				INFOPLIST_FILE = CountersTests/Info.plist;
				IPHONEOS_DEPLOYMENT_TARGET = 14.4;
				LD_RUNPATH_SEARCH_PATHS = (
					"$(inherited)",
					"@executable_path/Frameworks",
					"@loader_path/Frameworks",
				);
				PRODUCT_BUNDLE_IDENTIFIER = com.cornershop.CountersTests;
				PRODUCT_NAME = "$(TARGET_NAME)";
				SWIFT_VERSION = 5.0;
				TARGETED_DEVICE_FAMILY = "1,2";
				TEST_HOST = "$(BUILT_PRODUCTS_DIR)/Counters.app/Counters";
			};
			name = Release;
		};
		DECA259925CC8D4300851431 /* Debug */ = {
			isa = XCBuildConfiguration;
			buildSettings = {
				ALWAYS_EMBED_SWIFT_STANDARD_LIBRARIES = YES;
				CODE_SIGN_STYLE = Automatic;
				INFOPLIST_FILE = CountersUITests/Info.plist;
				LD_RUNPATH_SEARCH_PATHS = (
					"$(inherited)",
					"@executable_path/Frameworks",
					"@loader_path/Frameworks",
				);
				PRODUCT_BUNDLE_IDENTIFIER = com.cornershop.CountersUITests;
				PRODUCT_NAME = "$(TARGET_NAME)";
				SWIFT_VERSION = 5.0;
				TARGETED_DEVICE_FAMILY = "1,2";
				TEST_TARGET_NAME = Counters;
			};
			name = Debug;
		};
		DECA259A25CC8D4300851431 /* Release */ = {
			isa = XCBuildConfiguration;
			buildSettings = {
				ALWAYS_EMBED_SWIFT_STANDARD_LIBRARIES = YES;
				CODE_SIGN_STYLE = Automatic;
				INFOPLIST_FILE = CountersUITests/Info.plist;
				LD_RUNPATH_SEARCH_PATHS = (
					"$(inherited)",
					"@executable_path/Frameworks",
					"@loader_path/Frameworks",
				);
				PRODUCT_BUNDLE_IDENTIFIER = com.cornershop.CountersUITests;
				PRODUCT_NAME = "$(TARGET_NAME)";
				SWIFT_VERSION = 5.0;
				TARGETED_DEVICE_FAMILY = "1,2";
				TEST_TARGET_NAME = Counters;
			};
			name = Release;
		};
/* End XCBuildConfiguration section */

/* Begin XCConfigurationList section */
		DECA256325CC8D4200851431 /* Build configuration list for PBXProject "Counters" */ = {
			isa = XCConfigurationList;
			buildConfigurations = (
				DECA259025CC8D4300851431 /* Debug */,
				DECA259125CC8D4300851431 /* Release */,
			);
			defaultConfigurationIsVisible = 0;
			defaultConfigurationName = Release;
		};
		DECA259225CC8D4300851431 /* Build configuration list for PBXNativeTarget "Counters" */ = {
			isa = XCConfigurationList;
			buildConfigurations = (
				DECA259325CC8D4300851431 /* Debug */,
				DECA259425CC8D4300851431 /* Release */,
			);
			defaultConfigurationIsVisible = 0;
			defaultConfigurationName = Release;
		};
		DECA259525CC8D4300851431 /* Build configuration list for PBXNativeTarget "CountersTests" */ = {
			isa = XCConfigurationList;
			buildConfigurations = (
				DECA259625CC8D4300851431 /* Debug */,
				DECA259725CC8D4300851431 /* Release */,
			);
			defaultConfigurationIsVisible = 0;
			defaultConfigurationName = Release;
		};
		DECA259825CC8D4300851431 /* Build configuration list for PBXNativeTarget "CountersUITests" */ = {
			isa = XCConfigurationList;
			buildConfigurations = (
				DECA259925CC8D4300851431 /* Debug */,
				DECA259A25CC8D4300851431 /* Release */,
			);
			defaultConfigurationIsVisible = 0;
			defaultConfigurationName = Release;
		};
/* End XCConfigurationList section */
	};
	rootObject = DECA256025CC8D4200851431 /* Project object */;
}
